{
  "name": "tetris",
  "lockfileVersion": 2,
  "requires": true,
  "packages": {
    "": {
      "hasInstallScript": true,
      "dependencies": {
        "elm-tooling": "^1.13.1"
      }
    },
    "node_modules/elm-tooling": {
      "version": "1.13.1",
      "resolved": "https://registry.npmjs.org/elm-tooling/-/elm-tooling-1.13.1.tgz",
      "integrity": "sha512-a6rL9wW12Ep2oCvQtARaRpQSPGyHEoaxak6cBFej7LiKvqBgD2WrPpABNuTRP4eI3Clnmi7j2G5Nljh41+Wshg==",
      "bin": {
        "elm-tooling": "index.js"
      }
    }
  },
  "dependencies": {
    "elm-tooling": {
      "version": "1.13.1",
      "resolved": "https://registry.npmjs.org/elm-tooling/-/elm-tooling-1.13.1.tgz",
      "integrity": "sha512-a6rL9wW12Ep2oCvQtARaRpQSPGyHEoaxak6cBFej7LiKvqBgD2WrPpABNuTRP4eI3Clnmi7j2G5Nljh41+Wshg=="
    }
  }
}
